
Microsoft Visual Studio Solution File, Format Version 12.00
# Visual Studio Version 17
VisualStudioVersion = 17.1.32421.90
MinimumVisualStudioVersion = 10.0.40219.1
Project("{9A19103F-16F7-4668-BE54-9A1E7A4F7556}") = "ilkConsole", "ilkConsole\ilkConsole.csproj", "{2346B690-ED78-4803-B032-6515430D0903}"
EndProject
Project("{9A19103F-16F7-4668-BE54-9A1E7A4F7556}") = "Aritmetikİslemler", "Aritmetikİslemler\Aritmetikİslemler.csproj", "{3DF3BA70-0C86-471C-8CBE-DD12A254CCA5}"
EndProject
Project("{9A19103F-16F7-4668-BE54-9A1E7A4F7556}") = "TryCatch", "TryCatch\TryCatch.csproj", "{A34E6816-8D17-425E-B7DA-93ABCA606C1E}"
EndProject
Project("{9A19103F-16F7-4668-BE54-9A1E7A4F7556}") = "KararYapilari", "KararYapilari\KararYapilari.csproj", "{B3C35EE9-383E-45CD-8FCB-E6E0E50278AC}"
EndProject
Project("{9A19103F-16F7-4668-BE54-9A1E7A4F7556}") = "SwitchCase", "SwitchCase\SwitchCase.csproj", "{789043AE-4E78-416D-BC10-A43BEEF7DA33}"
EndProject
Project("{2150E333-8FDC-42A3-9474-1A3956D46DE8}") = "Donguler", "Donguler", "{F8FF8D94-2816-4C8B-BE7A-D50C8977D7B9}"
EndProject
Project("{9A19103F-16F7-4668-BE54-9A1E7A4F7556}") = "WhileDongusu", "WhileDongusu\WhileDongusu.csproj", "{84978C65-AA2C-4F0A-8ECA-F34A49BA780E}"
EndProject
Project("{9A19103F-16F7-4668-BE54-9A1E7A4F7556}") = "DoWhileDongusu", "DoWhileDongusu\DoWhileDongusu.csproj", "{34B2E0E6-75CC-446E-8DD4-B5DB293A6B4C}"
EndProject
Project("{9A19103F-16F7-4668-BE54-9A1E7A4F7556}") = "ForDongusu", "ForDongusu\ForDongusu.csproj", "{EF4F6385-E7FB-4301-B579-CD04FB028957}"
EndProject
Project("{2150E333-8FDC-42A3-9474-1A3956D46DE8}") = "diziler", "diziler", "{CC199973-5969-469E-952E-FE3C8190FAD6}"
EndProject
Project("{9A19103F-16F7-4668-BE54-9A1E7A4F7556}") = "Diziler", "Diziler\Diziler.csproj", "{9A39405D-F6F2-4D62-AFDA-D69921AB9A57}"
EndProject
Project("{9A19103F-16F7-4668-BE54-9A1E7A4F7556}") = "SansOyunlari", "SansOyunlari\SansOyunlari.csproj", "{77AF25A9-A1A5-44B3-B1CF-73F1FF13B407}"
EndProject
Project("{9A19103F-16F7-4668-BE54-9A1E7A4F7556}") = "ArraySinifi", "ArraySinifi\ArraySinifi.csproj", "{37B9D060-6959-4CB8-AA41-8D050F5B3CCB}"
EndProject
Project("{9A19103F-16F7-4668-BE54-9A1E7A4F7556}") = "ArrayList", "ArrayList\ArrayList.csproj", "{A06B2FCD-3630-4194-9A22-1FEBECAEC93F}"
EndProject
Project("{9A19103F-16F7-4668-BE54-9A1E7A4F7556}") = "GenelicList", "GenelicList\GenelicList.csproj", "{5E9DE521-5A05-4EE0-9C48-12A524C372ED}"
EndProject
Project("{2150E333-8FDC-42A3-9474-1A3956D46DE8}") = "Metotlar", "Metotlar", "{9746FA44-FADE-4FBB-8673-D3937985E6D5}"
EndProject
Project("{FAE04EC0-301F-11D3-BF4B-00C04F79EFBC}") = "MetotGiris", "MetotGiris\MetotGiris.csproj", "{011855A6-1230-4B1B-9E48-000912AEC757}"
EndProject
Project("{FAE04EC0-301F-11D3-BF4B-00C04F79EFBC}") = "VoidMetod", "VoidMetod\VoidMetod.csproj", "{9BD16938-F78C-47EF-A91E-1E9C66B15AA9}"
EndProject
Project("{FAE04EC0-301F-11D3-BF4B-00C04F79EFBC}") = "ParametreliMetod", "ParametreliMetod\ParametreliMetod.csproj", "{8044ADC2-B39F-4AC3-9E6F-518C20526F65}"
EndProject
Project("{FAE04EC0-301F-11D3-BF4B-00C04F79EFBC}") = "HazirStringMetodlar", "HazirMetodlar\HazirStringMetodlar.csproj", "{2A54779C-D2E6-4DA1-957A-8C2E154F4624}"
EndProject
Project("{FAE04EC0-301F-11D3-BF4B-00C04F79EFBC}") = "System_IO", "System_IO\System_IO.csproj", "{4647FA27-11E7-4EAB-88BD-FB400497C809}"
EndProject
Project("{FAE04EC0-301F-11D3-BF4B-00C04F79EFBC}") = "TarihMetodlari", "TarihMetodlari\TarihMetodlari.csproj", "{7BC71F74-2EB7-4C10-A8B6-41D0185D2F25}"
EndProject
Project("{FAE04EC0-301F-11D3-BF4B-00C04F79EFBC}") = "MetamatikMetodlari", "MetamatikMetodlari\MetamatikMetodlari.csproj", "{957E1055-CFE2-4CE4-9B59-377BF18AD66D}"
EndProject
Project("{FAE04EC0-301F-11D3-BF4B-00C04F79EFBC}") = "OutParametre1", "OutParametre1\OutParametre1.csproj", "{0715BFFF-C5A9-49B5-9039-00779AE4AAE3}"
EndProject
Project("{FAE04EC0-301F-11D3-BF4B-00C04F79EFBC}") = "RefParametre", "RefParametre\RefParametre.csproj", "{5C6FCE19-20A3-4F31-8C8B-28233C595FEC}"
EndProject
Project("{FAE04EC0-301F-11D3-BF4B-00C04F79EFBC}") = "RecursiveMetod", "RecursiveMetod\RecursiveMetod.csproj", "{05BF9125-6356-4892-8A31-5BEDAB5BFC27}"
EndProject
Global
	GlobalSection(SolutionConfigurationPlatforms) = preSolution
		Debug|Any CPU = Debug|Any CPU
		Release|Any CPU = Release|Any CPU
	EndGlobalSection
	GlobalSection(ProjectConfigurationPlatforms) = postSolution
		{2346B690-ED78-4803-B032-6515430D0903}.Debug|Any CPU.ActiveCfg = Debug|Any CPU
		{2346B690-ED78-4803-B032-6515430D0903}.Debug|Any CPU.Build.0 = Debug|Any CPU
		{2346B690-ED78-4803-B032-6515430D0903}.Release|Any CPU.ActiveCfg = Release|Any CPU
		{2346B690-ED78-4803-B032-6515430D0903}.Release|Any CPU.Build.0 = Release|Any CPU
		{3DF3BA70-0C86-471C-8CBE-DD12A254CCA5}.Debug|Any CPU.ActiveCfg = Debug|Any CPU
		{3DF3BA70-0C86-471C-8CBE-DD12A254CCA5}.Debug|Any CPU.Build.0 = Debug|Any CPU
		{3DF3BA70-0C86-471C-8CBE-DD12A254CCA5}.Release|Any CPU.ActiveCfg = Release|Any CPU
		{3DF3BA70-0C86-471C-8CBE-DD12A254CCA5}.Release|Any CPU.Build.0 = Release|Any CPU
		{A34E6816-8D17-425E-B7DA-93ABCA606C1E}.Debug|Any CPU.ActiveCfg = Debug|Any CPU
		{A34E6816-8D17-425E-B7DA-93ABCA606C1E}.Debug|Any CPU.Build.0 = Debug|Any CPU
		{A34E6816-8D17-425E-B7DA-93ABCA606C1E}.Release|Any CPU.ActiveCfg = Release|Any CPU
		{A34E6816-8D17-425E-B7DA-93ABCA606C1E}.Release|Any CPU.Build.0 = Release|Any CPU
		{B3C35EE9-383E-45CD-8FCB-E6E0E50278AC}.Debug|Any CPU.ActiveCfg = Debug|Any CPU
		{B3C35EE9-383E-45CD-8FCB-E6E0E50278AC}.Debug|Any CPU.Build.0 = Debug|Any CPU
		{B3C35EE9-383E-45CD-8FCB-E6E0E50278AC}.Release|Any CPU.ActiveCfg = Release|Any CPU
		{B3C35EE9-383E-45CD-8FCB-E6E0E50278AC}.Release|Any CPU.Build.0 = Release|Any CPU
		{789043AE-4E78-416D-BC10-A43BEEF7DA33}.Debug|Any CPU.ActiveCfg = Debug|Any CPU
		{789043AE-4E78-416D-BC10-A43BEEF7DA33}.Debug|Any CPU.Build.0 = Debug|Any CPU
		{789043AE-4E78-416D-BC10-A43BEEF7DA33}.Release|Any CPU.ActiveCfg = Release|Any CPU
		{789043AE-4E78-416D-BC10-A43BEEF7DA33}.Release|Any CPU.Build.0 = Release|Any CPU
		{84978C65-AA2C-4F0A-8ECA-F34A49BA780E}.Debug|Any CPU.ActiveCfg = Debug|Any CPU
		{84978C65-AA2C-4F0A-8ECA-F34A49BA780E}.Debug|Any CPU.Build.0 = Debug|Any CPU
		{84978C65-AA2C-4F0A-8ECA-F34A49BA780E}.Release|Any CPU.ActiveCfg = Release|Any CPU
		{84978C65-AA2C-4F0A-8ECA-F34A49BA780E}.Release|Any CPU.Build.0 = Release|Any CPU
		{34B2E0E6-75CC-446E-8DD4-B5DB293A6B4C}.Debug|Any CPU.ActiveCfg = Debug|Any CPU
		{34B2E0E6-75CC-446E-8DD4-B5DB293A6B4C}.Debug|Any CPU.Build.0 = Debug|Any CPU
		{34B2E0E6-75CC-446E-8DD4-B5DB293A6B4C}.Release|Any CPU.ActiveCfg = Release|Any CPU
		{34B2E0E6-75CC-446E-8DD4-B5DB293A6B4C}.Release|Any CPU.Build.0 = Release|Any CPU
		{EF4F6385-E7FB-4301-B579-CD04FB028957}.Debug|Any CPU.ActiveCfg = Debug|Any CPU
		{EF4F6385-E7FB-4301-B579-CD04FB028957}.Debug|Any CPU.Build.0 = Debug|Any CPU
		{EF4F6385-E7FB-4301-B579-CD04FB028957}.Release|Any CPU.ActiveCfg = Release|Any CPU
		{EF4F6385-E7FB-4301-B579-CD04FB028957}.Release|Any CPU.Build.0 = Release|Any CPU
		{9A39405D-F6F2-4D62-AFDA-D69921AB9A57}.Debug|Any CPU.ActiveCfg = Debug|Any CPU
		{9A39405D-F6F2-4D62-AFDA-D69921AB9A57}.Debug|Any CPU.Build.0 = Debug|Any CPU
		{9A39405D-F6F2-4D62-AFDA-D69921AB9A57}.Release|Any CPU.ActiveCfg = Release|Any CPU
		{9A39405D-F6F2-4D62-AFDA-D69921AB9A57}.Release|Any CPU.Build.0 = Release|Any CPU
		{77AF25A9-A1A5-44B3-B1CF-73F1FF13B407}.Debug|Any CPU.ActiveCfg = Debug|Any CPU
		{77AF25A9-A1A5-44B3-B1CF-73F1FF13B407}.Debug|Any CPU.Build.0 = Debug|Any CPU
		{77AF25A9-A1A5-44B3-B1CF-73F1FF13B407}.Release|Any CPU.ActiveCfg = Release|Any CPU
		{77AF25A9-A1A5-44B3-B1CF-73F1FF13B407}.Release|Any CPU.Build.0 = Release|Any CPU
		{37B9D060-6959-4CB8-AA41-8D050F5B3CCB}.Debug|Any CPU.ActiveCfg = Debug|Any CPU
		{37B9D060-6959-4CB8-AA41-8D050F5B3CCB}.Debug|Any CPU.Build.0 = Debug|Any CPU
		{37B9D060-6959-4CB8-AA41-8D050F5B3CCB}.Release|Any CPU.ActiveCfg = Release|Any CPU
		{37B9D060-6959-4CB8-AA41-8D050F5B3CCB}.Release|Any CPU.Build.0 = Release|Any CPU
		{A06B2FCD-3630-4194-9A22-1FEBECAEC93F}.Debug|Any CPU.ActiveCfg = Debug|Any CPU
		{A06B2FCD-3630-4194-9A22-1FEBECAEC93F}.Debug|Any CPU.Build.0 = Debug|Any CPU
		{A06B2FCD-3630-4194-9A22-1FEBECAEC93F}.Release|Any CPU.ActiveCfg = Release|Any CPU
		{A06B2FCD-3630-4194-9A22-1FEBECAEC93F}.Release|Any CPU.Build.0 = Release|Any CPU
		{5E9DE521-5A05-4EE0-9C48-12A524C372ED}.Debug|Any CPU.ActiveCfg = Debug|Any CPU
		{5E9DE521-5A05-4EE0-9C48-12A524C372ED}.Debug|Any CPU.Build.0 = Debug|Any CPU
		{5E9DE521-5A05-4EE0-9C48-12A524C372ED}.Release|Any CPU.ActiveCfg = Release|Any CPU
		{5E9DE521-5A05-4EE0-9C48-12A524C372ED}.Release|Any CPU.Build.0 = Release|Any CPU
		{011855A6-1230-4B1B-9E48-000912AEC757}.Debug|Any CPU.ActiveCfg = Debug|Any CPU
		{011855A6-1230-4B1B-9E48-000912AEC757}.Debug|Any CPU.Build.0 = Debug|Any CPU
		{011855A6-1230-4B1B-9E48-000912AEC757}.Release|Any CPU.ActiveCfg = Release|Any CPU
		{011855A6-1230-4B1B-9E48-000912AEC757}.Release|Any CPU.Build.0 = Release|Any CPU
		{9BD16938-F78C-47EF-A91E-1E9C66B15AA9}.Debug|Any CPU.ActiveCfg = Debug|Any CPU
		{9BD16938-F78C-47EF-A91E-1E9C66B15AA9}.Debug|Any CPU.Build.0 = Debug|Any CPU
		{9BD16938-F78C-47EF-A91E-1E9C66B15AA9}.Release|Any CPU.ActiveCfg = Release|Any CPU
		{9BD16938-F78C-47EF-A91E-1E9C66B15AA9}.Release|Any CPU.Build.0 = Release|Any CPU
		{8044ADC2-B39F-4AC3-9E6F-518C20526F65}.Debug|Any CPU.ActiveCfg = Debug|Any CPU
		{8044ADC2-B39F-4AC3-9E6F-518C20526F65}.Debug|Any CPU.Build.0 = Debug|Any CPU
		{8044ADC2-B39F-4AC3-9E6F-518C20526F65}.Release|Any CPU.ActiveCfg = Release|Any CPU
		{8044ADC2-B39F-4AC3-9E6F-518C20526F65}.Release|Any CPU.Build.0 = Release|Any CPU
		{2A54779C-D2E6-4DA1-957A-8C2E154F4624}.Debug|Any CPU.ActiveCfg = Debug|Any CPU
		{2A54779C-D2E6-4DA1-957A-8C2E154F4624}.Debug|Any CPU.Build.0 = Debug|Any CPU
		{2A54779C-D2E6-4DA1-957A-8C2E154F4624}.Release|Any CPU.ActiveCfg = Release|Any CPU
		{2A54779C-D2E6-4DA1-957A-8C2E154F4624}.Release|Any CPU.Build.0 = Release|Any CPU
		{4647FA27-11E7-4EAB-88BD-FB400497C809}.Debug|Any CPU.ActiveCfg = Debug|Any CPU
		{4647FA27-11E7-4EAB-88BD-FB400497C809}.Debug|Any CPU.Build.0 = Debug|Any CPU
		{4647FA27-11E7-4EAB-88BD-FB400497C809}.Release|Any CPU.ActiveCfg = Release|Any CPU
		{4647FA27-11E7-4EAB-88BD-FB400497C809}.Release|Any CPU.Build.0 = Release|Any CPU
		{7BC71F74-2EB7-4C10-A8B6-41D0185D2F25}.Debug|Any CPU.ActiveCfg = Debug|Any CPU
		{7BC71F74-2EB7-4C10-A8B6-41D0185D2F25}.Debug|Any CPU.Build.0 = Debug|Any CPU
		{7BC71F74-2EB7-4C10-A8B6-41D0185D2F25}.Release|Any CPU.ActiveCfg = Release|Any CPU
		{7BC71F74-2EB7-4C10-A8B6-41D0185D2F25}.Release|Any CPU.Build.0 = Release|Any CPU
		{957E1055-CFE2-4CE4-9B59-377BF18AD66D}.Debug|Any CPU.ActiveCfg = Debug|Any CPU
		{957E1055-CFE2-4CE4-9B59-377BF18AD66D}.Debug|Any CPU.Build.0 = Debug|Any CPU
		{957E1055-CFE2-4CE4-9B59-377BF18AD66D}.Release|Any CPU.ActiveCfg = Release|Any CPU
		{957E1055-CFE2-4CE4-9B59-377BF18AD66D}.Release|Any CPU.Build.0 = Release|Any CPU
		{0715BFFF-C5A9-49B5-9039-00779AE4AAE3}.Debug|Any CPU.ActiveCfg = Debug|Any CPU
		{0715BFFF-C5A9-49B5-9039-00779AE4AAE3}.Debug|Any CPU.Build.0 = Debug|Any CPU
		{0715BFFF-C5A9-49B5-9039-00779AE4AAE3}.Release|Any CPU.ActiveCfg = Release|Any CPU
		{0715BFFF-C5A9-49B5-9039-00779AE4AAE3}.Release|Any CPU.Build.0 = Release|Any CPU
		{5C6FCE19-20A3-4F31-8C8B-28233C595FEC}.Debug|Any CPU.ActiveCfg = Debug|Any CPU
		{5C6FCE19-20A3-4F31-8C8B-28233C595FEC}.Debug|Any CPU.Build.0 = Debug|Any CPU
		{5C6FCE19-20A3-4F31-8C8B-28233C595FEC}.Release|Any CPU.ActiveCfg = Release|Any CPU
		{5C6FCE19-20A3-4F31-8C8B-28233C595FEC}.Release|Any CPU.Build.0 = Release|Any CPU
		{05BF9125-6356-4892-8A31-5BEDAB5BFC27}.Debug|Any CPU.ActiveCfg = Debug|Any CPU
		{05BF9125-6356-4892-8A31-5BEDAB5BFC27}.Debug|Any CPU.Build.0 = Debug|Any CPU
		{05BF9125-6356-4892-8A31-5BEDAB5BFC27}.Release|Any CPU.ActiveCfg = Release|Any CPU
		{05BF9125-6356-4892-8A31-5BEDAB5BFC27}.Release|Any CPU.Build.0 = Release|Any CPU
	EndGlobalSection
	GlobalSection(SolutionProperties) = preSolution
		HideSolutionNode = FALSE
	EndGlobalSection
	GlobalSection(NestedProjects) = preSolution
		{84978C65-AA2C-4F0A-8ECA-F34A49BA780E} = {F8FF8D94-2816-4C8B-BE7A-D50C8977D7B9}
		{34B2E0E6-75CC-446E-8DD4-B5DB293A6B4C} = {F8FF8D94-2816-4C8B-BE7A-D50C8977D7B9}
		{EF4F6385-E7FB-4301-B579-CD04FB028957} = {F8FF8D94-2816-4C8B-BE7A-D50C8977D7B9}
		{9A39405D-F6F2-4D62-AFDA-D69921AB9A57} = {CC199973-5969-469E-952E-FE3C8190FAD6}
		{77AF25A9-A1A5-44B3-B1CF-73F1FF13B407} = {CC199973-5969-469E-952E-FE3C8190FAD6}
		{37B9D060-6959-4CB8-AA41-8D050F5B3CCB} = {CC199973-5969-469E-952E-FE3C8190FAD6}
		{A06B2FCD-3630-4194-9A22-1FEBECAEC93F} = {CC199973-5969-469E-952E-FE3C8190FAD6}
		{5E9DE521-5A05-4EE0-9C48-12A524C372ED} = {CC199973-5969-469E-952E-FE3C8190FAD6}
		{011855A6-1230-4B1B-9E48-000912AEC757} = {9746FA44-FADE-4FBB-8673-D3937985E6D5}
		{9BD16938-F78C-47EF-A91E-1E9C66B15AA9} = {9746FA44-FADE-4FBB-8673-D3937985E6D5}
		{8044ADC2-B39F-4AC3-9E6F-518C20526F65} = {9746FA44-FADE-4FBB-8673-D3937985E6D5}
		{2A54779C-D2E6-4DA1-957A-8C2E154F4624} = {9746FA44-FADE-4FBB-8673-D3937985E6D5}
		{4647FA27-11E7-4EAB-88BD-FB400497C809} = {9746FA44-FADE-4FBB-8673-D3937985E6D5}
		{7BC71F74-2EB7-4C10-A8B6-41D0185D2F25} = {9746FA44-FADE-4FBB-8673-D3937985E6D5}
		{957E1055-CFE2-4CE4-9B59-377BF18AD66D} = {9746FA44-FADE-4FBB-8673-D3937985E6D5}
		{0715BFFF-C5A9-49B5-9039-00779AE4AAE3} = {9746FA44-FADE-4FBB-8673-D3937985E6D5}
		{5C6FCE19-20A3-4F31-8C8B-28233C595FEC} = {9746FA44-FADE-4FBB-8673-D3937985E6D5}
		{05BF9125-6356-4892-8A31-5BEDAB5BFC27} = {9746FA44-FADE-4FBB-8673-D3937985E6D5}
	EndGlobalSection
	GlobalSection(ExtensibilityGlobals) = postSolution
		SolutionGuid = {D04AB06E-784F-4D9D-9608-992E4F3B68FF}
	EndGlobalSection
EndGlobal
